
Microsoft Visual Studio Solution File, Format Version 12.00
# Visual Studio Version 16
VisualStudioVersion = 16.0.30320.27
MinimumVisualStudioVersion = 10.0.40219.1
Project("{9A19103F-16F7-4668-BE54-9A1E7A4F7556}") = "WeaponsOfMassDecoration", "WeaponsOfMassDecoration.csproj", "{8298EAB6-0586-4BDA-9483-83624B66B13A}"
EndProject
Project("{2150E333-8FDC-42A3-9474-1A3956D46DE8}") = "Solution Items", "Solution Items", "{CF4692E2-7B7C-4822-9F72-081417376B44}"
	ProjectSection(SolutionItems) = preProject
		.editorconfig = .editorconfig
	EndProjectSection
EndProject
Global
	GlobalSection(SolutionConfigurationPlatforms) = preSolution
		Debug|Any CPU = Debug|Any CPU
		Release|Any CPU = Release|Any CPU
	EndGlobalSection
	GlobalSection(ProjectConfigurationPlatforms) = postSolution
		{8298EAB6-0586-4BDA-9483-83624B66B13A}.Debug|Any CPU.ActiveCfg = Debug|Any CPU
		{8298EAB6-0586-4BDA-9483-83624B66B13A}.Debug|Any CPU.Build.0 = Debug|Any CPU
		{8298EAB6-0586-4BDA-9483-83624B66B13A}.Release|Any CPU.ActiveCfg = Release|Any CPU
		{8298EAB6-0586-4BDA-9483-83624B66B13A}.Release|Any CPU.Build.0 = Release|Any CPU
	EndGlobalSection
	GlobalSection(SolutionProperties) = preSolution
		HideSolutionNode = FALSE
	EndGlobalSection
	GlobalSection(ExtensibilityGlobals) = postSolution
		SolutionGuid = {80A6ECC3-59C3-4743-AEE6-825A7B7BC8A8}
	EndGlobalSection
EndGlobal
